
Microsoft Visual Studio Solution File, Format Version 12.00
# Visual Studio Version 17
VisualStudioVersion = 17.6.33829.357
MinimumVisualStudioVersion = 10.0.40219.1
Project("{FAE04EC0-301F-11D3-BF4B-00C04F79EFBC}") = "CentroMedicoWebAPI", "CentroMedicoWebAPI.csproj", "{0B67F70D-C5E0-4104-998D-07DF2FDD3DD7}"
EndProject
Global
	GlobalSection(SolutionConfigurationPlatforms) = preSolution
		Debug|Any CPU = Debug|Any CPU
		Release|Any CPU = Release|Any CPU
	EndGlobalSection
	GlobalSection(ProjectConfigurationPlatforms) = postSolution
		{0B67F70D-C5E0-4104-998D-07DF2FDD3DD7}.Debug|Any CPU.ActiveCfg = Debug|Any CPU
		{0B67F70D-C5E0-4104-998D-07DF2FDD3DD7}.Debug|Any CPU.Build.0 = Debug|Any CPU
		{0B67F70D-C5E0-4104-998D-07DF2FDD3DD7}.Release|Any CPU.ActiveCfg = Release|Any CPU
		{0B67F70D-C5E0-4104-998D-07DF2FDD3DD7}.Release|Any CPU.Build.0 = Release|Any CPU
	EndGlobalSection
	GlobalSection(SolutionProperties) = preSolution
		HideSolutionNode = FALSE
	EndGlobalSection
	GlobalSection(ExtensibilityGlobals) = postSolution
		SolutionGuid = {2595DD07-D6E9-44A2-AF81-0017ACC99C84}
	EndGlobalSection
EndGlobal
